Microsoft Visual Studio Solution File, Format Version 12.00
# Visual Studio Version 17
VisualStudioVersion = 17.0.31903.59
MinimumVisualStudioVersion = 10.0.40219.1
Project("{FAE04EC0-301F-11D3-BF4B-00C04F79EFBC}") = "LinuxCompatibleTests", "LinuxCompatibleTests\LinuxCompatibleTests.csproj", "{A5F20B1C-4E15-4F9E-9E0D-B6C6F0001A3D}"
EndProject
Project("{FAE04EC0-301F-11D3-BF4B-00C04F79EFBC}") = "Common", "Common\Common.csproj", "{1D5D7A0E-C1B9-4C8E-A9E1-F0A6F567AC3E}"
EndProject
Global
	GlobalSection(SolutionConfigurationPlatforms) = preSolution
		Debug|Any CPU = Debug|Any CPU
		Release|Any CPU = Release|Any CPU
	EndGlobalSection
	GlobalSection(SolutionProperties) = preSolution
		HideSolutionNode = FALSE
	EndGlobalSection
	GlobalSection(ProjectConfigurationPlatforms) = postSolution
		{A5F20B1C-4E15-4F9E-9E0D-B6C6F0001A3D}.Debug|Any CPU.ActiveCfg = Debug|Any CPU
		{A5F20B1C-4E15-4F9E-9E0D-B6C6F0001A3D}.Debug|Any CPU.Build.0 = Debug|Any CPU
		{A5F20B1C-4E15-4F9E-9E0D-B6C6F0001A3D}.Release|Any CPU.ActiveCfg = Release|Any CPU
		{A5F20B1C-4E15-4F9E-9E0D-B6C6F0001A3D}.Release|Any CPU.Build.0 = Release|Any CPU
		{1D5D7A0E-C1B9-4C8E-A9E1-F0A6F567AC3E}.Debug|Any CPU.ActiveCfg = Debug|Any CPU
		{1D5D7A0E-C1B9-4C8E-A9E1-F0A6F567AC3E}.Debug|Any CPU.Build.0 = Debug|Any CPU
		{1D5D7A0E-C1B9-4C8E-A9E1-F0A6F567AC3E}.Release|Any CPU.ActiveCfg = Release|Any CPU
		{1D5D7A0E-C1B9-4C8E-A9E1-F0A6F567AC3E}.Release|Any CPU.Build.0 = Release|Any CPU
	EndGlobalSection
EndGlobal